
Microsoft Visual Studio Solution File, Format Version 12.00
# Visual Studio 2012
Project("{FAE04EC0-301F-11D3-BF4B-00C04F79EFBC}") = "ARTechnic", "ARTechnic\ARTechnic.csproj", "{E64D249C-F119-4CD2-AF30-B71742B630E6}"
EndProject
Project("{2150E333-8FDC-42A3-9474-1A3956D46DE8}") = "Solution Items", "Solution Items", "{12EA4C1B-7559-40CE-9560-70F3DBEBF6F5}"
	ProjectSection(SolutionItems) = preProject
		HTMLPage1.html = HTMLPage1.html
	EndProjectSection
EndProject
Global
	GlobalSection(SolutionConfigurationPlatforms) = preSolution
		Debug|Any CPU = Debug|Any CPU
		Debug|x64 = Debug|x64
		Release|Any CPU = Release|Any CPU
		Release|x64 = Release|x64
	EndGlobalSection
	GlobalSection(ProjectConfigurationPlatforms) = postSolution
		{E64D249C-F119-4CD2-AF30-B71742B630E6}.Debug|Any CPU.ActiveCfg = Debug|Any CPU
		{E64D249C-F119-4CD2-AF30-B71742B630E6}.Debug|Any CPU.Build.0 = Debug|Any CPU
		{E64D249C-F119-4CD2-AF30-B71742B630E6}.Debug|x64.ActiveCfg = Debug|Any CPU
		{E64D249C-F119-4CD2-AF30-B71742B630E6}.Release|Any CPU.ActiveCfg = Release|Any CPU
		{E64D249C-F119-4CD2-AF30-B71742B630E6}.Release|Any CPU.Build.0 = Release|Any CPU
		{E64D249C-F119-4CD2-AF30-B71742B630E6}.Release|x64.ActiveCfg = Release|Any CPU
	EndGlobalSection
	GlobalSection(SolutionProperties) = preSolution
		HideSolutionNode = FALSE
	EndGlobalSection
EndGlobal
